
Microsoft Visual Studio Solution File, Format Version 12.00
# Visual Studio Version 16
VisualStudioVersion = 16.0.29509.3
MinimumVisualStudioVersion = 10.0.40219.1
Project("{FAE04EC0-301F-11D3-BF4B-00C04F79EFBC}") = "01. Experience Gaining", "01. Experience Gaining\01. Experience Gaining.csproj", "{5F19C952-0593-4EBE-ABD5-CF72D71E688C}"
EndProject
Project("{FAE04EC0-301F-11D3-BF4B-00C04F79EFBC}") = "02. Friendlist Maintenance", "02. Friendlist Maintenance\02. Friendlist Maintenance.csproj", "{9B1C602D-6E78-425D-865B-845FFCD6A05A}"
EndProject
Project("{FAE04EC0-301F-11D3-BF4B-00C04F79EFBC}") = "03. Tanks Collector", "03. Tanks Collector\03. Tanks Collector.csproj", "{3A2CD7A1-02A9-46A6-A911-A55B8453EF98}"
EndProject
Global
	GlobalSection(SolutionConfigurationPlatforms) = preSolution
		Debug|Any CPU = Debug|Any CPU
		Release|Any CPU = Release|Any CPU
	EndGlobalSection
	GlobalSection(ProjectConfigurationPlatforms) = postSolution
		{5F19C952-0593-4EBE-ABD5-CF72D71E688C}.Debug|Any CPU.ActiveCfg = Debug|Any CPU
		{5F19C952-0593-4EBE-ABD5-CF72D71E688C}.Debug|Any CPU.Build.0 = Debug|Any CPU
		{5F19C952-0593-4EBE-ABD5-CF72D71E688C}.Release|Any CPU.ActiveCfg = Release|Any CPU
		{5F19C952-0593-4EBE-ABD5-CF72D71E688C}.Release|Any CPU.Build.0 = Release|Any CPU
		{9B1C602D-6E78-425D-865B-845FFCD6A05A}.Debug|Any CPU.ActiveCfg = Debug|Any CPU
		{9B1C602D-6E78-425D-865B-845FFCD6A05A}.Debug|Any CPU.Build.0 = Debug|Any CPU
		{9B1C602D-6E78-425D-865B-845FFCD6A05A}.Release|Any CPU.ActiveCfg = Release|Any CPU
		{9B1C602D-6E78-425D-865B-845FFCD6A05A}.Release|Any CPU.Build.0 = Release|Any CPU
		{3A2CD7A1-02A9-46A6-A911-A55B8453EF98}.Debug|Any CPU.ActiveCfg = Debug|Any CPU
		{3A2CD7A1-02A9-46A6-A911-A55B8453EF98}.Debug|Any CPU.Build.0 = Debug|Any CPU
		{3A2CD7A1-02A9-46A6-A911-A55B8453EF98}.Release|Any CPU.ActiveCfg = Release|Any CPU
		{3A2CD7A1-02A9-46A6-A911-A55B8453EF98}.Release|Any CPU.Build.0 = Release|Any CPU
	EndGlobalSection
	GlobalSection(SolutionProperties) = preSolution
		HideSolutionNode = FALSE
	EndGlobalSection
	GlobalSection(ExtensibilityGlobals) = postSolution
		SolutionGuid = {B55365C2-1D8B-4AB1-872F-E90381A3B0D1}
	EndGlobalSection
EndGlobal
